
Microsoft Visual Studio Solution File, Format Version 12.00
# Visual Studio Version 17
VisualStudioVersion = 17.1.32210.238
MinimumVisualStudioVersion = 10.0.40219.1
Project("{FAE04EC0-301F-11D3-BF4B-00C04F79EFBC}") = "TareaGesture.Android", "TareaGesture\TareaGesture.Android\TareaGesture.Android.csproj", "{51C2B407-900D-4790-8422-56796B458062}"
EndProject
Project("{FAE04EC0-301F-11D3-BF4B-00C04F79EFBC}") = "TareaGesture.iOS", "TareaGesture\TareaGesture.iOS\TareaGesture.iOS.csproj", "{BC680A9A-57DF-4435-8E7E-4D0837321D30}"
EndProject
Project("{FAE04EC0-301F-11D3-BF4B-00C04F79EFBC}") = "TareaGesture", "TareaGesture\TareaGesture\TareaGesture.csproj", "{AEA44576-0E44-4B05-BA61-383008184B0E}"
EndProject
Global
	GlobalSection(SolutionConfigurationPlatforms) = preSolution
		Debug|Any CPU = Debug|Any CPU
		Debug|iPhone = Debug|iPhone
		Debug|iPhoneSimulator = Debug|iPhoneSimulator
		Release|Any CPU = Release|Any CPU
		Release|iPhone = Release|iPhone
		Release|iPhoneSimulator = Release|iPhoneSimulator
	EndGlobalSection
	GlobalSection(ProjectConfigurationPlatforms) = postSolution
		{51C2B407-900D-4790-8422-56796B458062}.Debug|Any CPU.ActiveCfg = Debug|Any CPU
		{51C2B407-900D-4790-8422-56796B458062}.Debug|Any CPU.Build.0 = Debug|Any CPU
		{51C2B407-900D-4790-8422-56796B458062}.Debug|Any CPU.Deploy.0 = Debug|Any CPU
		{51C2B407-900D-4790-8422-56796B458062}.Debug|iPhone.ActiveCfg = Debug|Any CPU
		{51C2B407-900D-4790-8422-56796B458062}.Debug|iPhone.Build.0 = Debug|Any CPU
		{51C2B407-900D-4790-8422-56796B458062}.Debug|iPhone.Deploy.0 = Debug|Any CPU
		{51C2B407-900D-4790-8422-56796B458062}.Debug|iPhoneSimulator.ActiveCfg = Debug|Any CPU
		{51C2B407-900D-4790-8422-56796B458062}.Debug|iPhoneSimulator.Build.0 = Debug|Any CPU
		{51C2B407-900D-4790-8422-56796B458062}.Debug|iPhoneSimulator.Deploy.0 = Debug|Any CPU
		{51C2B407-900D-4790-8422-56796B458062}.Release|Any CPU.ActiveCfg = Release|Any CPU
		{51C2B407-900D-4790-8422-56796B458062}.Release|Any CPU.Build.0 = Release|Any CPU
		{51C2B407-900D-4790-8422-56796B458062}.Release|Any CPU.Deploy.0 = Release|Any CPU
		{51C2B407-900D-4790-8422-56796B458062}.Release|iPhone.ActiveCfg = Release|Any CPU
		{51C2B407-900D-4790-8422-56796B458062}.Release|iPhone.Build.0 = Release|Any CPU
		{51C2B407-900D-4790-8422-56796B458062}.Release|iPhone.Deploy.0 = Release|Any CPU
		{51C2B407-900D-4790-8422-56796B458062}.Release|iPhoneSimulator.ActiveCfg = Release|Any CPU
		{51C2B407-900D-4790-8422-56796B458062}.Release|iPhoneSimulator.Build.0 = Release|Any CPU
		{51C2B407-900D-4790-8422-56796B458062}.Release|iPhoneSimulator.Deploy.0 = Release|Any CPU
		{BC680A9A-57DF-4435-8E7E-4D0837321D30}.Debug|Any CPU.ActiveCfg = Debug|iPhone
		{BC680A9A-57DF-4435-8E7E-4D0837321D30}.Debug|Any CPU.Build.0 = Debug|iPhone
		{BC680A9A-57DF-4435-8E7E-4D0837321D30}.Debug|Any CPU.Deploy.0 = Debug|iPhone
		{BC680A9A-57DF-4435-8E7E-4D0837321D30}.Debug|iPhone.ActiveCfg = Debug|iPhone
		{BC680A9A-57DF-4435-8E7E-4D0837321D30}.Debug|iPhone.Build.0 = Debug|iPhone
		{BC680A9A-57DF-4435-8E7E-4D0837321D30}.Debug|iPhone.Deploy.0 = Debug|iPhone
		{BC680A9A-57DF-4435-8E7E-4D0837321D30}.Debug|iPhoneSimulator.ActiveCfg = Debug|iPhoneSimulator
		{BC680A9A-57DF-4435-8E7E-4D0837321D30}.Debug|iPhoneSimulator.Build.0 = Debug|iPhoneSimulator
		{BC680A9A-57DF-4435-8E7E-4D0837321D30}.Debug|iPhoneSimulator.Deploy.0 = Debug|iPhoneSimulator
		{BC680A9A-57DF-4435-8E7E-4D0837321D30}.Release|Any CPU.ActiveCfg = Release|iPhoneSimulator
		{BC680A9A-57DF-4435-8E7E-4D0837321D30}.Release|Any CPU.Build.0 = Release|iPhoneSimulator
		{BC680A9A-57DF-4435-8E7E-4D0837321D30}.Release|Any CPU.Deploy.0 = Release|iPhoneSimulator
		{BC680A9A-57DF-4435-8E7E-4D0837321D30}.Release|iPhone.ActiveCfg = Release|iPhone
		{BC680A9A-57DF-4435-8E7E-4D0837321D30}.Release|iPhone.Build.0 = Release|iPhone
		{BC680A9A-57DF-4435-8E7E-4D0837321D30}.Release|iPhone.Deploy.0 = Release|iPhone
		{BC680A9A-57DF-4435-8E7E-4D0837321D30}.Release|iPhoneSimulator.ActiveCfg = Release|iPhoneSimulator
		{BC680A9A-57DF-4435-8E7E-4D0837321D30}.Release|iPhoneSimulator.Build.0 = Release|iPhoneSimulator
		{BC680A9A-57DF-4435-8E7E-4D0837321D30}.Release|iPhoneSimulator.Deploy.0 = Release|iPhoneSimulator
		{AEA44576-0E44-4B05-BA61-383008184B0E}.Debug|Any CPU.ActiveCfg = Debug|Any CPU
		{AEA44576-0E44-4B05-BA61-383008184B0E}.Debug|Any CPU.Build.0 = Debug|Any CPU
		{AEA44576-0E44-4B05-BA61-383008184B0E}.Debug|Any CPU.Deploy.0 = Debug|Any CPU
		{AEA44576-0E44-4B05-BA61-383008184B0E}.Debug|iPhone.ActiveCfg = Debug|Any CPU
		{AEA44576-0E44-4B05-BA61-383008184B0E}.Debug|iPhone.Build.0 = Debug|Any CPU
		{AEA44576-0E44-4B05-BA61-383008184B0E}.Debug|iPhone.Deploy.0 = Debug|Any CPU
		{AEA44576-0E44-4B05-BA61-383008184B0E}.Debug|iPhoneSimulator.ActiveCfg = Debug|Any CPU
		{AEA44576-0E44-4B05-BA61-383008184B0E}.Debug|iPhoneSimulator.Build.0 = Debug|Any CPU
		{AEA44576-0E44-4B05-BA61-383008184B0E}.Debug|iPhoneSimulator.Deploy.0 = Debug|Any CPU
		{AEA44576-0E44-4B05-BA61-383008184B0E}.Release|Any CPU.ActiveCfg = Release|Any CPU
		{AEA44576-0E44-4B05-BA61-383008184B0E}.Release|Any CPU.Build.0 = Release|Any CPU
		{AEA44576-0E44-4B05-BA61-383008184B0E}.Release|Any CPU.Deploy.0 = Release|Any CPU
		{AEA44576-0E44-4B05-BA61-383008184B0E}.Release|iPhone.ActiveCfg = Release|Any CPU
		{AEA44576-0E44-4B05-BA61-383008184B0E}.Release|iPhone.Build.0 = Release|Any CPU
		{AEA44576-0E44-4B05-BA61-383008184B0E}.Release|iPhone.Deploy.0 = Release|Any CPU
		{AEA44576-0E44-4B05-BA61-383008184B0E}.Release|iPhoneSimulator.ActiveCfg = Release|Any CPU
		{AEA44576-0E44-4B05-BA61-383008184B0E}.Release|iPhoneSimulator.Build.0 = Release|Any CPU
		{AEA44576-0E44-4B05-BA61-383008184B0E}.Release|iPhoneSimulator.Deploy.0 = Release|Any CPU
	EndGlobalSection
	GlobalSection(SolutionProperties) = preSolution
		HideSolutionNode = FALSE
	EndGlobalSection
	GlobalSection(ExtensibilityGlobals) = postSolution
		SolutionGuid = {22C13694-ECD8-4C58-9C9D-ADFA89887E78}
	EndGlobalSection
EndGlobal
